
Microsoft Visual Studio Solution File, Format Version 12.00
# Visual Studio Version 17
VisualStudioVersion = 17.2.32616.157
MinimumVisualStudioVersion = 10.0.40219.1
Project("{FAE04EC0-301F-11D3-BF4B-00C04F79EFBC}") = "CardapioAplicacao.Domain", "CardapioAplicacao.Domain\CardapioAplicacao.Domain.csproj", "{4F593D75-5D4E-4364-807B-1E0B83953BBD}"
EndProject
Project("{FAE04EC0-301F-11D3-BF4B-00C04F79EFBC}") = "CardapioAplicacao.Data", "CardapioAplicacao.Data\CardapioAplicacao.Data.csproj", "{36A9BB20-BEBC-45A1-9EF4-F5B2193F1221}"
EndProject
Project("{FAE04EC0-301F-11D3-BF4B-00C04F79EFBC}") = "CardapioAplicacao.Application", "CardapioAplicacao.Application\CardapioAplicacao.Application.csproj", "{A5EA8367-D07C-4B53-B98D-0A80C42B1311}"
EndProject
Project("{FAE04EC0-301F-11D3-BF4B-00C04F79EFBC}") = "CardapioAplicacao.Infra.Ioc", "CardapioAplicacao.Infra.Ioc\CardapioAplicacao.Infra.Ioc.csproj", "{AEDE455C-FA59-419A-AEA1-7B51416D3F3E}"
EndProject
Project("{FAE04EC0-301F-11D3-BF4B-00C04F79EFBC}") = "CardapioAplicacao.Api", "CardapioAplicacao.Api\CardapioAplicacao.Api.csproj", "{905F5B64-5639-43A6-A60E-1E2E8ADD3A63}"
EndProject
Global
	GlobalSection(SolutionConfigurationPlatforms) = preSolution
		Debug|Any CPU = Debug|Any CPU
		Release|Any CPU = Release|Any CPU
	EndGlobalSection
	GlobalSection(ProjectConfigurationPlatforms) = postSolution
		{4F593D75-5D4E-4364-807B-1E0B83953BBD}.Debug|Any CPU.ActiveCfg = Debug|Any CPU
		{4F593D75-5D4E-4364-807B-1E0B83953BBD}.Debug|Any CPU.Build.0 = Debug|Any CPU
		{4F593D75-5D4E-4364-807B-1E0B83953BBD}.Release|Any CPU.ActiveCfg = Release|Any CPU
		{4F593D75-5D4E-4364-807B-1E0B83953BBD}.Release|Any CPU.Build.0 = Release|Any CPU
		{36A9BB20-BEBC-45A1-9EF4-F5B2193F1221}.Debug|Any CPU.ActiveCfg = Debug|Any CPU
		{36A9BB20-BEBC-45A1-9EF4-F5B2193F1221}.Debug|Any CPU.Build.0 = Debug|Any CPU
		{36A9BB20-BEBC-45A1-9EF4-F5B2193F1221}.Release|Any CPU.ActiveCfg = Release|Any CPU
		{36A9BB20-BEBC-45A1-9EF4-F5B2193F1221}.Release|Any CPU.Build.0 = Release|Any CPU
		{A5EA8367-D07C-4B53-B98D-0A80C42B1311}.Debug|Any CPU.ActiveCfg = Debug|Any CPU
		{A5EA8367-D07C-4B53-B98D-0A80C42B1311}.Debug|Any CPU.Build.0 = Debug|Any CPU
		{A5EA8367-D07C-4B53-B98D-0A80C42B1311}.Release|Any CPU.ActiveCfg = Release|Any CPU
		{A5EA8367-D07C-4B53-B98D-0A80C42B1311}.Release|Any CPU.Build.0 = Release|Any CPU
		{AEDE455C-FA59-419A-AEA1-7B51416D3F3E}.Debug|Any CPU.ActiveCfg = Debug|Any CPU
		{AEDE455C-FA59-419A-AEA1-7B51416D3F3E}.Debug|Any CPU.Build.0 = Debug|Any CPU
		{AEDE455C-FA59-419A-AEA1-7B51416D3F3E}.Release|Any CPU.ActiveCfg = Release|Any CPU
		{AEDE455C-FA59-419A-AEA1-7B51416D3F3E}.Release|Any CPU.Build.0 = Release|Any CPU
		{905F5B64-5639-43A6-A60E-1E2E8ADD3A63}.Debug|Any CPU.ActiveCfg = Debug|Any CPU
		{905F5B64-5639-43A6-A60E-1E2E8ADD3A63}.Debug|Any CPU.Build.0 = Debug|Any CPU
		{905F5B64-5639-43A6-A60E-1E2E8ADD3A63}.Release|Any CPU.ActiveCfg = Release|Any CPU
		{905F5B64-5639-43A6-A60E-1E2E8ADD3A63}.Release|Any CPU.Build.0 = Release|Any CPU
	EndGlobalSection
	GlobalSection(SolutionProperties) = preSolution
		HideSolutionNode = FALSE
	EndGlobalSection
	GlobalSection(ExtensibilityGlobals) = postSolution
		SolutionGuid = {3A2BE10F-FE0A-41EF-83B0-711FB1D4AF63}
	EndGlobalSection
EndGlobal
